
Microsoft Visual Studio Solution File, Format Version 12.00
# Visual Studio Version 16
VisualStudioVersion = 16.0.30804.86
MinimumVisualStudioVersion = 10.0.40219.1
Project("{FAE04EC0-301F-11D3-BF4B-00C04F79EFBC}") = "TelefonBilgiGuncelleme", "TelefonBilgiGuncelleme\TelefonBilgiGuncelleme.csproj", "{70E6BD5F-7996-4787-8033-632483D6F94E}"
EndProject
Global
	GlobalSection(SolutionConfigurationPlatforms) = preSolution
		Debug|Any CPU = Debug|Any CPU
		Release|Any CPU = Release|Any CPU
	EndGlobalSection
	GlobalSection(ProjectConfigurationPlatforms) = postSolution
		{70E6BD5F-7996-4787-8033-632483D6F94E}.Debug|Any CPU.ActiveCfg = Debug|Any CPU
		{70E6BD5F-7996-4787-8033-632483D6F94E}.Debug|Any CPU.Build.0 = Debug|Any CPU
		{70E6BD5F-7996-4787-8033-632483D6F94E}.Release|Any CPU.ActiveCfg = Release|Any CPU
		{70E6BD5F-7996-4787-8033-632483D6F94E}.Release|Any CPU.Build.0 = Release|Any CPU
	EndGlobalSection
	GlobalSection(SolutionProperties) = preSolution
		HideSolutionNode = FALSE
	EndGlobalSection
	GlobalSection(ExtensibilityGlobals) = postSolution
		SolutionGuid = {49DF94D7-B7A5-4E6B-8085-67F6E1F647ED}
	EndGlobalSection
	GlobalSection(TeamFoundationVersionControl) = preSolution
		SccNumberOfProjects = 2
		SccEnterpriseProvider = {4CA58AB2-18FA-4F8D-95D4-32DDF27D184C}
		SccTeamFoundationServer = http://192.168.0.58:8080/tfs/defaultcollection
		SccLocalPath0 = .
		SccProjectUniqueName1 = TelefonBilgiGuncelleme\\TelefonBilgiGuncelleme.csproj
		SccProjectName1 = TelefonBilgiGuncelleme
		SccLocalPath1 = TelefonBilgiGuncelleme
	EndGlobalSection
EndGlobal
